Microsoft Visual Studio Solution File, Format Version 12.00
# Visual Studio Version 17
VisualStudioVersion = 17.0.31903.59
MinimumVisualStudioVersion = 10.0.40219.1
Project("{FAE04EC0-301F-11D3-BF4B-00C04F79EFBC}") = "SerilogConsole", "SerilogConsole\SerilogConsole.csproj", "{FFFD7003-0F94-4233-B900-11348918EA3F}"
EndProject
Project("{2150E333-8FDC-42A3-9474-1A3956D46DE8}") = "EFCore", "EFCore", "{B15C6A7E-6320-4315-90EE-BA1C9547DFD3}"
EndProject
Project("{2150E333-8FDC-42A3-9474-1A3956D46DE8}") = "Dependency Injection", "Dependency Injection", "{779A5A87-1637-48A6-991C-F59F4DD3A1A8}"
EndProject
Project("{2150E333-8FDC-42A3-9474-1A3956D46DE8}") = "SemanticKernel", "SemanticKernel", "{22624EC4-6C3D-4829-939B-7B7B6D684C87}"
EndProject
Project("{2150E333-8FDC-42A3-9474-1A3956D46DE8}") = "Basic", "Basic", "{01877F03-ED24-4160-92AC-B191322AE43B}"
EndProject
Project("{FAE04EC0-301F-11D3-BF4B-00C04F79EFBC}") = "DependencyInjectionTemplate", "DependencyInjectionTemplate\DependencyInjectionTemplate.csproj", "{EAC10EA8-B212-4F2E-B771-4FA59AEA0A4E}"
EndProject
Project("{2150E333-8FDC-42A3-9474-1A3956D46DE8}") = "Aspire", "Aspire", "{03778454-0E84-47EB-BA7F-5FAD0C307A62}"
EndProject
Project("{2150E333-8FDC-42A3-9474-1A3956D46DE8}") = "Aspire.Modules", "Aspire.Modules", "{E6648C06-946E-4E16-AF05-7EC9993AAE60}"
EndProject
Project("{2150E333-8FDC-42A3-9474-1A3956D46DE8}") = "Aspire.Projects", "Aspire.Projects", "{29AFE4F0-6A20-412A-9BBD-4D0A2F975BDC}"
EndProject
Global
	GlobalSection(SolutionConfigurationPlatforms) = preSolution
		Debug|Any CPU = Debug|Any CPU
		Debug|x64 = Debug|x64
		Debug|x86 = Debug|x86
		Release|Any CPU = Release|Any CPU
		Release|x64 = Release|x64
		Release|x86 = Release|x86
	EndGlobalSection
	GlobalSection(ProjectConfigurationPlatforms) = postSolution
		{FFFD7003-0F94-4233-B900-11348918EA3F}.Debug|Any CPU.ActiveCfg = Debug|Any CPU
		{FFFD7003-0F94-4233-B900-11348918EA3F}.Debug|Any CPU.Build.0 = Debug|Any CPU
		{FFFD7003-0F94-4233-B900-11348918EA3F}.Debug|x64.ActiveCfg = Debug|Any CPU
		{FFFD7003-0F94-4233-B900-11348918EA3F}.Debug|x64.Build.0 = Debug|Any CPU
		{FFFD7003-0F94-4233-B900-11348918EA3F}.Debug|x86.ActiveCfg = Debug|Any CPU
		{FFFD7003-0F94-4233-B900-11348918EA3F}.Debug|x86.Build.0 = Debug|Any CPU
		{FFFD7003-0F94-4233-B900-11348918EA3F}.Release|Any CPU.ActiveCfg = Release|Any CPU
		{FFFD7003-0F94-4233-B900-11348918EA3F}.Release|Any CPU.Build.0 = Release|Any CPU
		{FFFD7003-0F94-4233-B900-11348918EA3F}.Release|x64.ActiveCfg = Release|Any CPU
		{FFFD7003-0F94-4233-B900-11348918EA3F}.Release|x64.Build.0 = Release|Any CPU
		{FFFD7003-0F94-4233-B900-11348918EA3F}.Release|x86.ActiveCfg = Release|Any CPU
		{FFFD7003-0F94-4233-B900-11348918EA3F}.Release|x86.Build.0 = Release|Any CPU
		{EAC10EA8-B212-4F2E-B771-4FA59AEA0A4E}.Debug|Any CPU.ActiveCfg = Debug|Any CPU
		{EAC10EA8-B212-4F2E-B771-4FA59AEA0A4E}.Debug|Any CPU.Build.0 = Debug|Any CPU
		{EAC10EA8-B212-4F2E-B771-4FA59AEA0A4E}.Debug|x64.ActiveCfg = Debug|Any CPU
		{EAC10EA8-B212-4F2E-B771-4FA59AEA0A4E}.Debug|x64.Build.0 = Debug|Any CPU
		{EAC10EA8-B212-4F2E-B771-4FA59AEA0A4E}.Debug|x86.ActiveCfg = Debug|Any CPU
		{EAC10EA8-B212-4F2E-B771-4FA59AEA0A4E}.Debug|x86.Build.0 = Debug|Any CPU
		{EAC10EA8-B212-4F2E-B771-4FA59AEA0A4E}.Release|Any CPU.ActiveCfg = Release|Any CPU
		{EAC10EA8-B212-4F2E-B771-4FA59AEA0A4E}.Release|Any CPU.Build.0 = Release|Any CPU
		{EAC10EA8-B212-4F2E-B771-4FA59AEA0A4E}.Release|x64.ActiveCfg = Release|Any CPU
		{EAC10EA8-B212-4F2E-B771-4FA59AEA0A4E}.Release|x64.Build.0 = Release|Any CPU
		{EAC10EA8-B212-4F2E-B771-4FA59AEA0A4E}.Release|x86.ActiveCfg = Release|Any CPU
		{EAC10EA8-B212-4F2E-B771-4FA59AEA0A4E}.Release|x86.Build.0 = Release|Any CPU
	EndGlobalSection
	GlobalSection(SolutionProperties) = preSolution
		HideSolutionNode = FALSE
	EndGlobalSection
	GlobalSection(NestedProjects) = preSolution
		{FFFD7003-0F94-4233-B900-11348918EA3F} = {01877F03-ED24-4160-92AC-B191322AE43B}
		{EAC10EA8-B212-4F2E-B771-4FA59AEA0A4E} = {779A5A87-1637-48A6-991C-F59F4DD3A1A8}
		{E6648C06-946E-4E16-AF05-7EC9993AAE60} = {03778454-0E84-47EB-BA7F-5FAD0C307A62}
		{29AFE4F0-6A20-412A-9BBD-4D0A2F975BDC} = {03778454-0E84-47EB-BA7F-5FAD0C307A62}
	EndGlobalSection
EndGlobal
